
Microsoft Visual Studio Solution File, Format Version 12.00
# Visual Studio Version 16
VisualStudioVersion = 16.0.32002.261
MinimumVisualStudioVersion = 10.0.40219.1
Project("{9A19103F-16F7-4668-BE54-9A1E7A4F7556}") = "WindowsAppLib", "WindowsAppLib.csproj", "{B492ADC4-6F83-483B-B475-837E079D7AF6}"
EndProject
Project("{9A19103F-16F7-4668-BE54-9A1E7A4F7556}") = "WinAppConsole", "..\WinAppConsole\WinAppConsole.csproj", "{A2A412F4-78C0-4298-AD1F-CE956A0744D8}"
	ProjectSection(ProjectDependencies) = postProject
		{B492ADC4-6F83-483B-B475-837E079D7AF6} = {B492ADC4-6F83-483B-B475-837E079D7AF6}
	EndProjectSection
EndProject
Project("{9A19103F-16F7-4668-BE54-9A1E7A4F7556}") = "Assignment", "..\Assignments\Assignment.csproj", "{6C3DE6E2-72B5-4C0E-96F2-6B4B9C53A6B0}"
EndProject
Project("{9A19103F-16F7-4668-BE54-9A1E7A4F7556}") = "AssignmentConsole", "..\AssignmentsConsole\AssignmentConsole.csproj", "{6CB14981-D7A9-4CAC-BE7C-9B427D7D48A6}"
EndProject
Project("{2150E333-8FDC-42A3-9474-1A3956D46DE8}") = "Assignments", "Assignments", "{2D4C3FB6-9486-49BB-8F44-07DB7CADBB48}"
EndProject
Project("{2150E333-8FDC-42A3-9474-1A3956D46DE8}") = "Review", "Review", "{6C89125E-85DD-4F15-B274-DBA5E89A0869}"
EndProject
Project("{2150E333-8FDC-42A3-9474-1A3956D46DE8}") = "Explore", "Explore", "{6E03071E-ED17-4CAA-8E41-9FA1C4FF3E12}"
EndProject
Global
	GlobalSection(SolutionConfigurationPlatforms) = preSolution
		Debug|Any CPU = Debug|Any CPU
		Release|Any CPU = Release|Any CPU
	EndGlobalSection
	GlobalSection(ProjectConfigurationPlatforms) = postSolution
		{B492ADC4-6F83-483B-B475-837E079D7AF6}.Debug|Any CPU.ActiveCfg = Debug|Any CPU
		{B492ADC4-6F83-483B-B475-837E079D7AF6}.Debug|Any CPU.Build.0 = Debug|Any CPU
		{B492ADC4-6F83-483B-B475-837E079D7AF6}.Release|Any CPU.ActiveCfg = Release|Any CPU
		{B492ADC4-6F83-483B-B475-837E079D7AF6}.Release|Any CPU.Build.0 = Release|Any CPU
		{A2A412F4-78C0-4298-AD1F-CE956A0744D8}.Debug|Any CPU.ActiveCfg = Debug|Any CPU
		{A2A412F4-78C0-4298-AD1F-CE956A0744D8}.Debug|Any CPU.Build.0 = Debug|Any CPU
		{A2A412F4-78C0-4298-AD1F-CE956A0744D8}.Release|Any CPU.ActiveCfg = Release|Any CPU
		{A2A412F4-78C0-4298-AD1F-CE956A0744D8}.Release|Any CPU.Build.0 = Release|Any CPU
		{6C3DE6E2-72B5-4C0E-96F2-6B4B9C53A6B0}.Debug|Any CPU.ActiveCfg = Debug|Any CPU
		{6C3DE6E2-72B5-4C0E-96F2-6B4B9C53A6B0}.Debug|Any CPU.Build.0 = Debug|Any CPU
		{6C3DE6E2-72B5-4C0E-96F2-6B4B9C53A6B0}.Release|Any CPU.ActiveCfg = Release|Any CPU
		{6C3DE6E2-72B5-4C0E-96F2-6B4B9C53A6B0}.Release|Any CPU.Build.0 = Release|Any CPU
		{6CB14981-D7A9-4CAC-BE7C-9B427D7D48A6}.Debug|Any CPU.ActiveCfg = Debug|Any CPU
		{6CB14981-D7A9-4CAC-BE7C-9B427D7D48A6}.Debug|Any CPU.Build.0 = Debug|Any CPU
		{6CB14981-D7A9-4CAC-BE7C-9B427D7D48A6}.Release|Any CPU.ActiveCfg = Release|Any CPU
		{6CB14981-D7A9-4CAC-BE7C-9B427D7D48A6}.Release|Any CPU.Build.0 = Release|Any CPU
	EndGlobalSection
	GlobalSection(SolutionProperties) = preSolution
		HideSolutionNode = FALSE
	EndGlobalSection
	GlobalSection(NestedProjects) = preSolution
		{B492ADC4-6F83-483B-B475-837E079D7AF6} = {6C89125E-85DD-4F15-B274-DBA5E89A0869}
		{A2A412F4-78C0-4298-AD1F-CE956A0744D8} = {6C89125E-85DD-4F15-B274-DBA5E89A0869}
		{6C3DE6E2-72B5-4C0E-96F2-6B4B9C53A6B0} = {2D4C3FB6-9486-49BB-8F44-07DB7CADBB48}
		{6CB14981-D7A9-4CAC-BE7C-9B427D7D48A6} = {2D4C3FB6-9486-49BB-8F44-07DB7CADBB48}
	EndGlobalSection
	GlobalSection(ExtensibilityGlobals) = postSolution
		SolutionGuid = {6E1FD5A0-F3EB-491B-BBBE-6056A792E5A0}
	EndGlobalSection
EndGlobal
